
Microsoft Visual Studio Solution File, Format Version 12.00
# Visual Studio Version 17
VisualStudioVersion = 17.14.36623.8 d17.14
MinimumVisualStudioVersion = 10.0.40219.1
Project("{FAE04EC0-301F-11D3-BF4B-00C04F79EFBC}") = "JigSawDotNet", "JigSawDotNet\JigSawDotNet.csproj", "{2C1D0714-27BB-4522-87EC-8E7EDC48D2C7}"
EndProject
Project("{FAE04EC0-301F-11D3-BF4B-00C04F79EFBC}") = "Sandbox", "Sandbox\Sandbox.csproj", "{AE9A2680-E291-42E2-ACD3-0B53A5565224}"
EndProject
Project("{FAE04EC0-301F-11D3-BF4B-00C04F79EFBC}") = "JigSawDotNetTests", "JigSawDotNetTests\JigSawDotNetTests.csproj", "{5673633F-F5E6-4607-9BA2-01B68F818C7E}"
EndProject
Global
	GlobalSection(SolutionConfigurationPlatforms) = preSolution
		Debug|Any CPU = Debug|Any CPU
		Release|Any CPU = Release|Any CPU
	EndGlobalSection
	GlobalSection(ProjectConfigurationPlatforms) = postSolution
		{2C1D0714-27BB-4522-87EC-8E7EDC48D2C7}.Debug|Any CPU.ActiveCfg = Debug|Any CPU
		{2C1D0714-27BB-4522-87EC-8E7EDC48D2C7}.Debug|Any CPU.Build.0 = Debug|Any CPU
		{2C1D0714-27BB-4522-87EC-8E7EDC48D2C7}.Release|Any CPU.ActiveCfg = Release|Any CPU
		{2C1D0714-27BB-4522-87EC-8E7EDC48D2C7}.Release|Any CPU.Build.0 = Release|Any CPU
		{AE9A2680-E291-42E2-ACD3-0B53A5565224}.Debug|Any CPU.ActiveCfg = Debug|Any CPU
		{AE9A2680-E291-42E2-ACD3-0B53A5565224}.Debug|Any CPU.Build.0 = Debug|Any CPU
		{AE9A2680-E291-42E2-ACD3-0B53A5565224}.Release|Any CPU.ActiveCfg = Release|Any CPU
		{AE9A2680-E291-42E2-ACD3-0B53A5565224}.Release|Any CPU.Build.0 = Release|Any CPU
		{5673633F-F5E6-4607-9BA2-01B68F818C7E}.Debug|Any CPU.ActiveCfg = Debug|Any CPU
		{5673633F-F5E6-4607-9BA2-01B68F818C7E}.Debug|Any CPU.Build.0 = Debug|Any CPU
		{5673633F-F5E6-4607-9BA2-01B68F818C7E}.Release|Any CPU.ActiveCfg = Release|Any CPU
		{5673633F-F5E6-4607-9BA2-01B68F818C7E}.Release|Any CPU.Build.0 = Release|Any CPU
	EndGlobalSection
	GlobalSection(SolutionProperties) = preSolution
		HideSolutionNode = FALSE
	EndGlobalSection
	GlobalSection(ExtensibilityGlobals) = postSolution
		SolutionGuid = {D384E066-C85D-4DB6-9B48-B0CA3E0A3BD4}
	EndGlobalSection
EndGlobal
